
Microsoft Visual Studio Solution File, Format Version 12.00
# Visual Studio Version 17
VisualStudioVersion = 17.3.32901.215
MinimumVisualStudioVersion = 10.0.40219.1
Project("{FAE04EC0-301F-11D3-BF4B-00C04F79EFBC}") = "Inlämningsuppgift 1", "Inlämningsuppgift 1.csproj", "{52CAB40D-874C-4CCD-9A8A-DAC52BCA63B2}"
EndProject
Global
	GlobalSection(SolutionConfigurationPlatforms) = preSolution
		Debug|Any CPU = Debug|Any CPU
		Release|Any CPU = Release|Any CPU
	EndGlobalSection
	GlobalSection(ProjectConfigurationPlatforms) = postSolution
		{52CAB40D-874C-4CCD-9A8A-DAC52BCA63B2}.Debug|Any CPU.ActiveCfg = Debug|Any CPU
		{52CAB40D-874C-4CCD-9A8A-DAC52BCA63B2}.Debug|Any CPU.Build.0 = Debug|Any CPU
		{52CAB40D-874C-4CCD-9A8A-DAC52BCA63B2}.Release|Any CPU.ActiveCfg = Release|Any CPU
		{52CAB40D-874C-4CCD-9A8A-DAC52BCA63B2}.Release|Any CPU.Build.0 = Release|Any CPU
	EndGlobalSection
	GlobalSection(SolutionProperties) = preSolution
		HideSolutionNode = FALSE
	EndGlobalSection
	GlobalSection(ExtensibilityGlobals) = postSolution
		SolutionGuid = {D794CEE2-F8CC-4377-8F06-15D91D177CF3}
	EndGlobalSection
EndGlobal
